
Microsoft Visual Studio Solution File, Format Version 12.00
# Visual Studio Version 17
VisualStudioVersion = 17.0.32112.339
MinimumVisualStudioVersion = 10.0.40219.1
Project("{FAE04EC0-301F-11D3-BF4B-00C04F79EFBC}") = "Elephants", "Elephants\Elephants.csproj", "{7D902E24-080D-4E16-B492-232A492A825D}"
EndProject
Global
	GlobalSection(SolutionConfigurationPlatforms) = preSolution
		Debug|Any CPU = Debug|Any CPU
		Release|Any CPU = Release|Any CPU
	EndGlobalSection
	GlobalSection(ProjectConfigurationPlatforms) = postSolution
		{7D902E24-080D-4E16-B492-232A492A825D}.Debug|Any CPU.ActiveCfg = Debug|Any CPU
		{7D902E24-080D-4E16-B492-232A492A825D}.Debug|Any CPU.Build.0 = Debug|Any CPU
		{7D902E24-080D-4E16-B492-232A492A825D}.Release|Any CPU.ActiveCfg = Release|Any CPU
		{7D902E24-080D-4E16-B492-232A492A825D}.Release|Any CPU.Build.0 = Release|Any CPU
	EndGlobalSection
	GlobalSection(SolutionProperties) = preSolution
		HideSolutionNode = FALSE
	EndGlobalSection
	GlobalSection(ExtensibilityGlobals) = postSolution
		SolutionGuid = {6B7AF3B2-4A3A-4060-BFDB-6D3185350CCA}
	EndGlobalSection
EndGlobal
