
Microsoft Visual Studio Solution File, Format Version 12.00
# Visual Studio Version 17
VisualStudioVersion = 17.0.32112.339
MinimumVisualStudioVersion = 10.0.40219.1
Project("{FAE04EC0-301F-11D3-BF4B-00C04F79EFBC}") = "PickACardUI", "PickACardUI\PickACardUI.csproj", "{4E4C6929-4D17-4214-B689-BC88014EF070}"
EndProject
Global
	GlobalSection(SolutionConfigurationPlatforms) = preSolution
		Debug|Any CPU = Debug|Any CPU
		Release|Any CPU = Release|Any CPU
	EndGlobalSection
	GlobalSection(ProjectConfigurationPlatforms) = postSolution
		{4E4C6929-4D17-4214-B689-BC88014EF070}.Debug|Any CPU.ActiveCfg = Debug|Any CPU
		{4E4C6929-4D17-4214-B689-BC88014EF070}.Debug|Any CPU.Build.0 = Debug|Any CPU
		{4E4C6929-4D17-4214-B689-BC88014EF070}.Release|Any CPU.ActiveCfg = Release|Any CPU
		{4E4C6929-4D17-4214-B689-BC88014EF070}.Release|Any CPU.Build.0 = Release|Any CPU
	EndGlobalSection
	GlobalSection(SolutionProperties) = preSolution
		HideSolutionNode = FALSE
	EndGlobalSection
	GlobalSection(ExtensibilityGlobals) = postSolution
		SolutionGuid = {68AAEA45-0DEB-4BA2-9C1B-E01CF6CDE4DC}
	EndGlobalSection
EndGlobal
