
Microsoft Visual Studio Solution File, Format Version 12.00
# Visual Studio Version 17
VisualStudioVersion = 17.0.32112.339
MinimumVisualStudioVersion = 10.0.40219.1
Project("{FAE04EC0-301F-11D3-BF4B-00C04F79EFBC}") = "SloppyJoesBlazor", "SloppyJoesBlazor\SloppyJoesBlazor.csproj", "{05400701-68CB-4E15-A28B-24AB045C3BC1}"
EndProject
Global
	GlobalSection(SolutionConfigurationPlatforms) = preSolution
		Debug|Any CPU = Debug|Any CPU
		Release|Any CPU = Release|Any CPU
	EndGlobalSection
	GlobalSection(ProjectConfigurationPlatforms) = postSolution
		{05400701-68CB-4E15-A28B-24AB045C3BC1}.Debug|Any CPU.ActiveCfg = Debug|Any CPU
		{05400701-68CB-4E15-A28B-24AB045C3BC1}.Debug|Any CPU.Build.0 = Debug|Any CPU
		{05400701-68CB-4E15-A28B-24AB045C3BC1}.Release|Any CPU.ActiveCfg = Release|Any CPU
		{05400701-68CB-4E15-A28B-24AB045C3BC1}.Release|Any CPU.Build.0 = Release|Any CPU
	EndGlobalSection
	GlobalSection(SolutionProperties) = preSolution
		HideSolutionNode = FALSE
	EndGlobalSection
	GlobalSection(ExtensibilityGlobals) = postSolution
		SolutionGuid = {3942F223-A980-4D09-AE99-03F92A6446ED}
	EndGlobalSection
EndGlobal
